
Microsoft Visual Studio Solution File, Format Version 11.00
# Visual Studio 2010
Project("{FAE04EC0-301F-11D3-BF4B-00C04F79EFBC}") = "Assembly-CSharp", "Assembly-CSharp.csproj", "{697a4b31-ac51-e43e-d6e0-511341efbc29}"
EndProject
Project("{FAE04EC0-301F-11D3-BF4B-00C04F79EFBC}") = "Assembly-CSharp-firstpass", "Assembly-CSharp-firstpass.csproj", "{0115b850-f380-016a-fe90-454fbff4862f}"
EndProject
Project("{FAE04EC0-301F-11D3-BF4B-00C04F79EFBC}") = "Assembly-CSharp-Editor-firstpass", "Assembly-CSharp-Editor-firstpass.csproj", "{ea507604-0c63-7510-3061-5eb9edefedbf}"
EndProject
Global
	GlobalSection(SolutionConfigurationPlatforms) = preSolution
		Debug|Any CPU = Debug|Any CPU
	EndGlobalSection
	GlobalSection(ProjectConfigurationPlatforms) = postSolution
		{697a4b31-ac51-e43e-d6e0-511341efbc29}.Debug|Any CPU.ActiveCfg = Debug|Any CPU
		{697a4b31-ac51-e43e-d6e0-511341efbc29}.Debug|Any CPU.Build.0 = Debug|Any CPU
		{0115b850-f380-016a-fe90-454fbff4862f}.Debug|Any CPU.ActiveCfg = Debug|Any CPU
		{0115b850-f380-016a-fe90-454fbff4862f}.Debug|Any CPU.Build.0 = Debug|Any CPU
		{ea507604-0c63-7510-3061-5eb9edefedbf}.Debug|Any CPU.ActiveCfg = Debug|Any CPU
		{ea507604-0c63-7510-3061-5eb9edefedbf}.Debug|Any CPU.Build.0 = Debug|Any CPU
	EndGlobalSection
	GlobalSection(SolutionProperties) = preSolution
		HideSolutionNode = FALSE
	EndGlobalSection
EndGlobal
